
Microsoft Visual Studio Solution File, Format Version 12.00
# Visual Studio 15
VisualStudioVersion = 15.0.28010.0
MinimumVisualStudioVersion = 10.0.40219.1
Project("{FAE04EC0-301F-11D3-BF4B-00C04F79EFBC}") = "TobiiRemoteEyeTrackingServer", "TobiiRemoteEyeTrackingServer\TobiiRemoteEyeTrackingServer.csproj", "{4131227E-72FC-4CDF-874A-7696A6DC3F2A}"
EndProject
Global
	GlobalSection(SolutionConfigurationPlatforms) = preSolution
		Debug|Any CPU = Debug|Any CPU
		Debug|x64 = Debug|x64
		Debug|x86 = Debug|x86
		Release|Any CPU = Release|Any CPU
		Release|x64 = Release|x64
		Release|x86 = Release|x86
	EndGlobalSection
	GlobalSection(ProjectConfigurationPlatforms) = postSolution
		{4131227E-72FC-4CDF-874A-7696A6DC3F2A}.Debug|Any CPU.ActiveCfg = Debug|Any CPU
		{4131227E-72FC-4CDF-874A-7696A6DC3F2A}.Debug|Any CPU.Build.0 = Debug|Any CPU
		{4131227E-72FC-4CDF-874A-7696A6DC3F2A}.Debug|x64.ActiveCfg = Debug|x64
		{4131227E-72FC-4CDF-874A-7696A6DC3F2A}.Debug|x64.Build.0 = Debug|x64
		{4131227E-72FC-4CDF-874A-7696A6DC3F2A}.Debug|x86.ActiveCfg = Debug|Any CPU
		{4131227E-72FC-4CDF-874A-7696A6DC3F2A}.Debug|x86.Build.0 = Debug|Any CPU
		{4131227E-72FC-4CDF-874A-7696A6DC3F2A}.Release|Any CPU.ActiveCfg = Release|Any CPU
		{4131227E-72FC-4CDF-874A-7696A6DC3F2A}.Release|Any CPU.Build.0 = Release|Any CPU
		{4131227E-72FC-4CDF-874A-7696A6DC3F2A}.Release|x64.ActiveCfg = Release|x64
		{4131227E-72FC-4CDF-874A-7696A6DC3F2A}.Release|x64.Build.0 = Release|x64
		{4131227E-72FC-4CDF-874A-7696A6DC3F2A}.Release|x86.ActiveCfg = Release|Any CPU
		{4131227E-72FC-4CDF-874A-7696A6DC3F2A}.Release|x86.Build.0 = Release|Any CPU
	EndGlobalSection
	GlobalSection(SolutionProperties) = preSolution
		HideSolutionNode = FALSE
	EndGlobalSection
	GlobalSection(ExtensibilityGlobals) = postSolution
		SolutionGuid = {50E1FCC9-A083-406F-A18B-B51DEF206E1E}
	EndGlobalSection
EndGlobal
